2
git https://github.com/Hejsil/zig-clap commit-c394594d218c3c936547e590b461e69e6e0b20c4
git https://github.com/kivikakk/htmlentities.zig commit-b85de86198a34da5a5d9c07cb8489fbebd06023e
git https://github.com/kivikakk/libpcre.zig commit-6d6ca9bfbc97a1e26a16b4ec0cc8d9fa34c0d048
git https://github.com/lun-4/zunicode commit-1d69c64b2c8a94d72f6a44ac4932dcf833a20926
git https://github.com/nektro/pcre-8.45 commit-10bc0a2fd91f3a40be9825738661f8748eb60e14
